// !$*UTF8*$!
{
	archiveVersion = 1;
	classes = {
	};
	objectVersion = 56;
	objects = {

/* Begin PBXBuildFile section */
		5B9CCFDF2B8CDE2400F13CEC /* FructusApp.swift in Sources */ = {isa = PBXBuildFile; fileRef = 5B9CCFDE2B8CDE2400F13CEC /* FructusApp.swift */; };
		5B9CCFE12B8CDE2400F13CEC /* ContentView.swift in Sources */ = {isa = PBXBuildFile; fileRef = 5B9CCFE02B8CDE2400F13CEC /* ContentView.swift */; };
		5B9CCFE32B8CDE2600F13CEC /* Assets.xcassets in Resources */ = {isa = PBXBuildFile; fileRef = 5B9CCFE22B8CDE2600F13CEC /* Assets.xcassets */; };
		5B9CCFE62B8CDE2600F13CEC /* Preview Assets.xcassets in Resources */ = {isa = PBXBuildFile; fileRef = 5B9CCFE52B8CDE2600F13CEC /* Preview Assets.xcassets */; };
		5B9CCFEF2B8CEE7300F13CEC /* FruitCardView.swift in Sources */ = {isa = PBXBuildFile; fileRef = 5B9CCFEE2B8CEE7300F13CEC /* FruitCardView.swift */; };
		5B9CCFF12B8CF61300F13CEC /* StartButtonView.swift in Sources */ = {isa = PBXBuildFile; fileRef = 5B9CCFF02B8CF61300F13CEC /* StartButtonView.swift */; };
		5B9CCFF32B8CFD2A00F13CEC /* OnboardingView.swift in Sources */ = {isa = PBXBuildFile; fileRef = 5B9CCFF22B8CFD2A00F13CEC /* OnboardingView.swift */; };
		5B9CCFF62B8D3C7C00F13CEC /* FruitModel.swift in Sources */ = {isa = PBXBuildFile; fileRef = 5B9CCFF52B8D3C7C00F13CEC /* FruitModel.swift */; };
		5B9CCFF92B8D3CFB00F13CEC /* FruitData.swift in Sources */ = {isa = PBXBuildFile; fileRef = 5B9CCFF82B8D3CFB00F13CEC /* FruitData.swift */; };
		5B9CCFFB2B8D508100F13CEC /* FruitRowView.swift in Sources */ = {isa = PBXBuildFile; fileRef = 5B9CCFFA2B8D508100F13CEC /* FruitRowView.swift */; };
		5B9CCFFD2B8D594B00F13CEC /* FruitDetailView.swift in Sources */ = {isa = PBXBuildFile; fileRef = 5B9CCFFC2B8D594B00F13CEC /* FruitDetailView.swift */; };
		5B9CCFFF2B8D5D3E00F13CEC /* FruitHeaderView.swift in Sources */ = {isa = PBXBuildFile; fileRef = 5B9CCFFE2B8D5D3E00F13CEC /* FruitHeaderView.swift */; };
		5B9CD0012B8D60CC00F13CEC /* SourceLinkView.swift in Sources */ = {isa = PBXBuildFile; fileRef = 5B9CD0002B8D60CC00F13CEC /* SourceLinkView.swift */; };
		5B9CD0032B8D775600F13CEC /* FruitNutrientsView.swift in Sources */ = {isa = PBXBuildFile; fileRef = 5B9CD0022B8D775600F13CEC /* FruitNutrientsView.swift */; };
		5B9CD0052B8D7D0400F13CEC /* SettingsView.swift in Sources */ = {isa = PBXBuildFile; fileRef = 5B9CD0042B8D7D0400F13CEC /* SettingsView.swift */; };
		5B9CD0072B8D811100F13CEC /* SettingsLabelView.swift in Sources */ = {isa = PBXBuildFile; fileRef = 5B9CD0062B8D811100F13CEC /* SettingsLabelView.swift */; };
		5B9CD0092B8D889600F13CEC /* SettingsRowView.swift in Sources */ = {isa = PBXBuildFile; fileRef = 5B9CD0082B8D889600F13CEC /* SettingsRowView.swift */; };
/* End PBXBuildFile section */

/* Begin PBXFileReference section */
		5B9CCFDB2B8CDE2400F13CEC /* Fructus.app */ = {isa = PBXFileReference; explicitFileType = wrapper.application; includeInIndex = 0; path = Fructus.app; sourceTree = BUILT_PRODUCTS_DIR; };
		5B9CCFDE2B8CDE2400F13CEC /* FructusApp.swift */ = {isa = PBXFileReference; lastKnownFileType = sourcecode.swift; path = FructusApp.swift; sourceTree = "<group>"; };
		5B9CCFE02B8CDE2400F13CEC /* ContentView.swift */ = {isa = PBXFileReference; lastKnownFileType = sourcecode.swift; path = ContentView.swift; sourceTree = "<group>"; };
		5B9CCFE22B8CDE2600F13CEC /* Assets.xcassets */ = {isa = PBXFileReference; lastKnownFileType = folder.assetcatalog; path = Assets.xcassets; sourceTree = "<group>"; };
		5B9CCFE52B8CDE2600F13CEC /* Preview Assets.xcassets */ = {isa = PBXFileReference; lastKnownFileType = folder.assetcatalog; path = "Preview Assets.xcassets"; sourceTree = "<group>"; };
		5B9CCFEE2B8CEE7300F13CEC /* FruitCardView.swift */ = {isa = PBXFileReference; lastKnownFileType = sourcecode.swift; path = FruitCardView.swift; sourceTree = "<group>"; };
		5B9CCFF02B8CF61300F13CEC /* StartButtonView.swift */ = {isa = PBXFileReference; lastKnownFileType = sourcecode.swift; path = StartButtonView.swift; sourceTree = "<group>"; };
		5B9CCFF22B8CFD2A00F13CEC /* OnboardingView.swift */ = {isa = PBXFileReference; lastKnownFileType = sourcecode.swift; path = OnboardingView.swift; sourceTree = "<group>"; };
		5B9CCFF52B8D3C7C00F13CEC /* FruitModel.swift */ = {isa = PBXFileReference; lastKnownFileType = sourcecode.swift; path = FruitModel.swift; sourceTree = "<group>"; };
		5B9CCFF82B8D3CFB00F13CEC /* FruitData.swift */ = {isa = PBXFileReference; lastKnownFileType = sourcecode.swift; path = FruitData.swift; sourceTree = "<group>"; };
		5B9CCFFA2B8D508100F13CEC /* FruitRowView.swift */ = {isa = PBXFileReference; lastKnownFileType = sourcecode.swift; path = FruitRowView.swift; sourceTree = "<group>"; };
		5B9CCFFC2B8D594B00F13CEC /* FruitDetailView.swift */ = {isa = PBXFileReference; lastKnownFileType = sourcecode.swift; path = FruitDetailView.swift; sourceTree = "<group>"; };
		5B9CCFFE2B8D5D3E00F13CEC /* FruitHeaderView.swift */ = {isa = PBXFileReference; lastKnownFileType = sourcecode.swift; path = FruitHeaderView.swift; sourceTree = "<group>"; };
		5B9CD0002B8D60CC00F13CEC /* SourceLinkView.swift */ = {isa = PBXFileReference; lastKnownFileType = sourcecode.swift; path = SourceLinkView.swift; sourceTree = "<group>"; };
		5B9CD0022B8D775600F13CEC /* FruitNutrientsView.swift */ = {isa = PBXFileReference; lastKnownFileType = sourcecode.swift; path = FruitNutrientsView.swift; sourceTree = "<group>"; };
		5B9CD0042B8D7D0400F13CEC /* SettingsView.swift */ = {isa = PBXFileReference; lastKnownFileType = sourcecode.swift; path = SettingsView.swift; sourceTree = "<group>"; };
		5B9CD0062B8D811100F13CEC /* SettingsLabelView.swift */ = {isa = PBXFileReference; lastKnownFileType = sourcecode.swift; path = SettingsLabelView.swift; sourceTree = "<group>"; };
		5B9CD0082B8D889600F13CEC /* SettingsRowView.swift */ = {isa = PBXFileReference; lastKnownFileType = sourcecode.swift; path = SettingsRowView.swift; sourceTree = "<group>"; };
/* End PBXFileReference section */

/* Begin PBXFrameworksBuildPhase section */
		5B9CCFD82B8CDE2400F13CEC /* Frameworks */ = {
			isa = PBXFrameworksBuildPhase;
			buildActionMask = 2147483647;
			files = (
			);
			runOnlyForDeploymentPostprocessing = 0;
		};
/* End PBXFrameworksBuildPhase section */

/* Begin PBXGroup section */
		5B9CCFD22B8CDE2400F13CEC = {
			isa = PBXGroup;
			children = (
				5B9CCFDD2B8CDE2400F13CEC /* Fructus */,
				5B9CCFDC2B8CDE2400F13CEC /* Products */,
			);
			sourceTree = "<group>";
		};
		5B9CCFDC2B8CDE2400F13CEC /* Products */ = {
			isa = PBXGroup;
			children = (
				5B9CCFDB2B8CDE2400F13CEC /* Fructus.app */,
			);
			name = Products;
			sourceTree = "<group>";
		};
		5B9CCFDD2B8CDE2400F13CEC /* Fructus */ = {
			isa = PBXGroup;
			children = (
				5B9CCFF72B8D3CF000F13CEC /* Data */,
				5B9CCFF42B8D3C6A00F13CEC /* Model */,
				5B9CCFED2B8CEE5D00F13CEC /* View */,
				5B9CCFEC2B8CEE3F00F13CEC /* App */,
				5B9CCFE22B8CDE2600F13CEC /* Assets.xcassets */,
				5B9CCFE42B8CDE2600F13CEC /* Preview Content */,
			);
			path = Fructus;
			sourceTree = "<group>";
		};
		5B9CCFE42B8CDE2600F13CEC /* Preview Content */ = {
			isa = PBXGroup;
			children = (
				5B9CCFE52B8CDE2600F13CEC /* Preview Assets.xcassets */,
			);
			path = "Preview Content";
			sourceTree = "<group>";
		};
		5B9CCFEC2B8CEE3F00F13CEC /* App */ = {
			isa = PBXGroup;
			children = (
				5B9CCFDE2B8CDE2400F13CEC /* FructusApp.swift */,
				5B9CCFE02B8CDE2400F13CEC /* ContentView.swift */,
				5B9CCFF22B8CFD2A00F13CEC /* OnboardingView.swift */,
				5B9CCFFC2B8D594B00F13CEC /* FruitDetailView.swift */,
			);
			path = App;
			sourceTree = "<group>";
		};
		5B9CCFED2B8CEE5D00F13CEC /* View */ = {
			isa = PBXGroup;
			children = (
				5B9CCFEE2B8CEE7300F13CEC /* FruitCardView.swift */,
				5B9CCFF02B8CF61300F13CEC /* StartButtonView.swift */,
				5B9CCFFA2B8D508100F13CEC /* FruitRowView.swift */,
				5B9CCFFE2B8D5D3E00F13CEC /* FruitHeaderView.swift */,
				5B9CD0002B8D60CC00F13CEC /* SourceLinkView.swift */,
				5B9CD0022B8D775600F13CEC /* FruitNutrientsView.swift */,
				5B9CD0042B8D7D0400F13CEC /* SettingsView.swift */,
				5B9CD0062B8D811100F13CEC /* SettingsLabelView.swift */,
				5B9CD0082B8D889600F13CEC /* SettingsRowView.swift */,
			);
			path = View;
			sourceTree = "<group>";
		};
		5B9CCFF42B8D3C6A00F13CEC /* Model */ = {
			isa = PBXGroup;
			children = (
				5B9CCFF52B8D3C7C00F13CEC /* FruitModel.swift */,
			);
			path = Model;
			sourceTree = "<group>";
		};
		5B9CCFF72B8D3CF000F13CEC /* Data */ = {
			isa = PBXGroup;
			children = (
				5B9CCFF82B8D3CFB00F13CEC /* FruitData.swift */,
			);
			path = Data;
			sourceTree = "<group>";
		};
/* End PBXGroup section */

/* Begin PBXNativeTarget section */
		5B9CCFDA2B8CDE2400F13CEC /* Fructus */ = {
			isa = PBXNativeTarget;
			buildConfigurationList = 5B9CCFE92B8CDE2600F13CEC /* Build configuration list for PBXNativeTarget "Fructus" */;
			buildPhases = (
				5B9CCFD72B8CDE2400F13CEC /* Sources */,
				5B9CCFD82B8CDE2400F13CEC /* Frameworks */,
				5B9CCFD92B8CDE2400F13CEC /* Resources */,
			);
			buildRules = (
			);
			dependencies = (
			);
			name = Fructus;
			productName = Fructus;
			productReference = 5B9CCFDB2B8CDE2400F13CEC /* Fructus.app */;
			productType = "com.apple.product-type.application";
		};
/* End PBXNativeTarget section */

/* Begin PBXProject section */
		5B9CCFD32B8CDE2400F13CEC /* Project object */ = {
			isa = PBXProject;
			attributes = {
				BuildIndependentTargetsInParallel = 1;
				LastSwiftUpdateCheck = 1520;
				LastUpgradeCheck = 1520;
				TargetAttributes = {
					5B9CCFDA2B8CDE2400F13CEC = {
						CreatedOnToolsVersion = 15.2;
					};
				};
			};
			buildConfigurationList = 5B9CCFD62B8CDE2400F13CEC /* Build configuration list for PBXProject "Fructus" */;
			compatibilityVersion = "Xcode 14.0";
			developmentRegion = en;
			hasScannedForEncodings = 0;
			knownRegions = (
				en,
				Base,
			);
			mainGroup = 5B9CCFD22B8CDE2400F13CEC;
			productRefGroup = 5B9CCFDC2B8CDE2400F13CEC /* Products */;
			projectDirPath = "";
			projectRoot = "";
			targets = (
				5B9CCFDA2B8CDE2400F13CEC /* Fructus */,
			);
		};
/* End PBXProject section */

/* Begin PBXResourcesBuildPhase section */
		5B9CCFD92B8CDE2400F13CEC /* Resources */ = {
			isa = PBXResourcesBuildPhase;
			buildActionMask = 2147483647;
			files = (
				5B9CCFE62B8CDE2600F13CEC /* Preview Assets.xcassets in Resources */,
				5B9CCFE32B8CDE2600F13CEC /* Assets.xcassets in Resources */,
			);
			runOnlyForDeploymentPostprocessing = 0;
		};
/* End PBXResourcesBuildPhase section */

/* Begin PBXSourcesBuildPhase section */
		5B9CCFD72B8CDE2400F13CEC /* Sources */ = {
			isa = PBXSourcesBuildPhase;
			buildActionMask = 2147483647;
			files = (
				5B9CCFF92B8D3CFB00F13CEC /* FruitData.swift in Sources */,
				5B9CD0012B8D60CC00F13CEC /* SourceLinkView.swift in Sources */,
				5B9CD0092B8D889600F13CEC /* SettingsRowView.swift in Sources */,
				5B9CCFEF2B8CEE7300F13CEC /* FruitCardView.swift in Sources */,
				5B9CCFFB2B8D508100F13CEC /* FruitRowView.swift in Sources */,
				5B9CD0032B8D775600F13CEC /* FruitNutrientsView.swift in Sources */,
				5B9CCFF12B8CF61300F13CEC /* StartButtonView.swift in Sources */,
				5B9CCFFD2B8D594B00F13CEC /* FruitDetailView.swift in Sources */,
				5B9CCFE12B8CDE2400F13CEC /* ContentView.swift in Sources */,
				5B9CCFFF2B8D5D3E00F13CEC /* FruitHeaderView.swift in Sources */,
				5B9CCFF32B8CFD2A00F13CEC /* OnboardingView.swift in Sources */,
				5B9CD0072B8D811100F13CEC /* SettingsLabelView.swift in Sources */,
				5B9CCFF62B8D3C7C00F13CEC /* FruitModel.swift in Sources */,
				5B9CCFDF2B8CDE2400F13CEC /* FructusApp.swift in Sources */,
				5B9CD0052B8D7D0400F13CEC /* SettingsView.swift in Sources */,
			);
			runOnlyForDeploymentPostprocessing = 0;
		};
/* End PBXSourcesBuildPhase section */

/* Begin XCBuildConfiguration section */
		5B9CCFE72B8CDE2600F13CEC /* Debug */ = {
			isa = XCBuildConfiguration;
			buildSettings = {
				ALWAYS_SEARCH_USER_PATHS = NO;
				ASSETCATALOG_COMPILER_GENERATE_SWIFT_ASSET_SYMBOL_EXTENSIONS = YES;
				CLANG_ANALYZER_NONNULL = YES;
				CLANG_ANALYZER_NUMBER_OBJECT_CONVERSION = YES_AGGRESSIVE;
				CLANG_CXX_LANGUAGE_STANDARD = "gnu++20";
				CLANG_ENABLE_MODULES = YES;
				CLANG_ENABLE_OBJC_ARC = YES;
				CLANG_ENABLE_OBJC_WEAK = YES;
				CLANG_WARN_BLOCK_CAPTURE_AUTORELEASING = YES;
				CLANG_WARN_BOOL_CONVERSION = YES;
				CLANG_WARN_COMMA = YES;
				CLANG_WARN_CONSTANT_CONVERSION = YES;
				CLANG_WARN_DEPRECATED_OBJC_IMPLEMENTATIONS = YES;
				CLANG_WARN_DIRECT_OBJC_ISA_USAGE = YES_ERROR;
				CLANG_WARN_DOCUMENTATION_COMMENTS = YES;
				CLANG_WARN_EMPTY_BODY = YES;
				CLANG_WARN_ENUM_CONVERSION = YES;
				CLANG_WARN_INFINITE_RECURSION = YES;
				CLANG_WARN_INT_CONVERSION = YES;
				CLANG_WARN_NON_LITERAL_NULL_CONVERSION = YES;
				CLANG_WARN_OBJC_IMPLICIT_RETAIN_SELF = YES;
				CLANG_WARN_OBJC_LITERAL_CONVERSION = YES;
				CLANG_WARN_OBJC_ROOT_CLASS = YES_ERROR;
				CLANG_WARN_QUOTED_INCLUDE_IN_FRAMEWORK_HEADER = YES;
				CLANG_WARN_RANGE_LOOP_ANALYSIS = YES;
				CLANG_WARN_STRICT_PROTOTYPES = YES;
				CLANG_WARN_SUSPICIOUS_MOVE = YES;
				CLANG_WARN_UNGUARDED_AVAILABILITY = YES_AGGRESSIVE;
				CLANG_WARN_UNREACHABLE_CODE = YES;
				CLANG_WARN__DUPLICATE_METHOD_MATCH = YES;
				COPY_PHASE_STRIP = NO;
				DEBUG_INFORMATION_FORMAT = dwarf;
				ENABLE_STRICT_OBJC_MSGSEND = YES;
				ENABLE_TESTABILITY = YES;
				ENABLE_USER_SCRIPT_SANDBOXING = YES;
				GCC_C_LANGUAGE_STANDARD = gnu17;
				GCC_DYNAMIC_NO_PIC = NO;
				GCC_NO_COMMON_BLOCKS = YES;
				GCC_OPTIMIZATION_LEVEL = 0;
				GCC_PREPROCESSOR_DEFINITIONS = (
					"DEBUG=1",
					"$(inherited)",
				);
				GCC_WARN_64_TO_32_BIT_CONVERSION = YES;
				GCC_WARN_ABOUT_RETURN_TYPE = YES_ERROR;
				GCC_WARN_UNDECLARED_SELECTOR = YES;
				GCC_WARN_UNINITIALIZED_AUTOS = YES_AGGRESSIVE;
				GCC_WARN_UNUSED_FUNCTION = YES;
				GCC_WARN_UNUSED_VARIABLE = YES;
				IPHONEOS_DEPLOYMENT_TARGET = 17.2;
				LOCALIZATION_PREFERS_STRING_CATALOGS = YES;
				MTL_ENABLE_DEBUG_INFO = INCLUDE_SOURCE;
				MTL_FAST_MATH = YES;
				ONLY_ACTIVE_ARCH = YES;
				SDKROOT = iphoneos;
				SWIFT_ACTIVE_COMPILATION_CONDITIONS = "DEBUG $(inherited)";
				SWIFT_OPTIMIZATION_LEVEL = "-Onone";
			};
			name = Debug;
		};
		5B9CCFE82B8CDE2600F13CEC /* Release */ = {
			isa = XCBuildConfiguration;
			buildSettings = {
				ALWAYS_SEARCH_USER_PATHS = NO;
				ASSETCATALOG_COMPILER_GENERATE_SWIFT_ASSET_SYMBOL_EXTENSIONS = YES;
				CLANG_ANALYZER_NONNULL = YES;
				CLANG_ANALYZER_NUMBER_OBJECT_CONVERSION = YES_AGGRESSIVE;
				CLANG_CXX_LANGUAGE_STANDARD = "gnu++20";
				CLANG_ENABLE_MODULES = YES;
				CLANG_ENABLE_OBJC_ARC = YES;
				CLANG_ENABLE_OBJC_WEAK = YES;
				CLANG_WARN_BLOCK_CAPTURE_AUTORELEASING = YES;
				CLANG_WARN_BOOL_CONVERSION = YES;
				CLANG_WARN_COMMA = YES;
				CLANG_WARN_CONSTANT_CONVERSION = YES;
				CLANG_WARN_DEPRECATED_OBJC_IMPLEMENTATIONS = YES;
				CLANG_WARN_DIRECT_OBJC_ISA_USAGE = YES_ERROR;
				CLANG_WARN_DOCUMENTATION_COMMENTS = YES;
				CLANG_WARN_EMPTY_BODY = YES;
				CLANG_WARN_ENUM_CONVERSION = YES;
				CLANG_WARN_INFINITE_RECURSION = YES;
				CLANG_WARN_INT_CONVERSION = YES;
				CLANG_WARN_NON_LITERAL_NULL_CONVERSION = YES;
				CLANG_WARN_OBJC_IMPLICIT_RETAIN_SELF = YES;
				CLANG_WARN_OBJC_LITERAL_CONVERSION = YES;
				CLANG_WARN_OBJC_ROOT_CLASS = YES_ERROR;
				CLANG_WARN_QUOTED_INCLUDE_IN_FRAMEWORK_HEADER = YES;
				CLANG_WARN_RANGE_LOOP_ANALYSIS = YES;
				CLANG_WARN_STRICT_PROTOTYPES = YES;
				CLANG_WARN_SUSPICIOUS_MOVE = YES;
				CLANG_WARN_UNGUARDED_AVAILABILITY = YES_AGGRESSIVE;
				CLANG_WARN_UNREACHABLE_CODE = YES;
				CLANG_WARN__DUPLICATE_METHOD_MATCH = YES;
				COPY_PHASE_STRIP = NO;
				DEBUG_INFORMATION_FORMAT = "dwarf-with-dsym";
				ENABLE_NS_ASSERTIONS = NO;
				ENABLE_STRICT_OBJC_MSGSEND = YES;
				ENABLE_USER_SCRIPT_SANDBOXING = YES;
				GCC_C_LANGUAGE_STANDARD = gnu17;
				GCC_NO_COMMON_BLOCKS = YES;
				GCC_WARN_64_TO_32_BIT_CONVERSION = YES;
				GCC_WARN_ABOUT_RETURN_TYPE = YES_ERROR;
				GCC_WARN_UNDECLARED_SELECTOR = YES;
				GCC_WARN_UNINITIALIZED_AUTOS = YES_AGGRESSIVE;
				GCC_WARN_UNUSED_FUNCTION = YES;
				GCC_WARN_UNUSED_VARIABLE = YES;
				IPHONEOS_DEPLOYMENT_TARGET = 17.2;
				LOCALIZATION_PREFERS_STRING_CATALOGS = YES;
				MTL_ENABLE_DEBUG_INFO = NO;
				MTL_FAST_MATH = YES;
				SDKROOT = iphoneos;
				SWIFT_COMPILATION_MODE = wholemodule;
				VALIDATE_PRODUCT = YES;
			};
			name = Release;
		};
		5B9CCFEA2B8CDE2600F13CEC /* Debug */ = {
			isa = XCBuildConfiguration;
			buildSettings = {
				ASSETCATALOG_COMPILER_APPICON_NAME = AppIcon;
				ASSETCATALOG_COMPILER_GLOBAL_ACCENT_COLOR_NAME = AccentColor;
				CODE_SIGN_STYLE = Automatic;
				CURRENT_PROJECT_VERSION = 1;
				DEVELOPMENT_ASSET_PATHS = "\"Fructus/Preview Content\"";
				DEVELOPMENT_TEAM = GARMRW49GC;
				ENABLE_PREVIEWS = YES;
				GENERATE_INFOPLIST_FILE = YES;
				INFOPLIST_KEY_UIApplicationSceneManifest_Generation = YES;
				INFOPLIST_KEY_UIApplicationSupportsIndirectInputEvents = YES;
				INFOPLIST_KEY_UILaunchScreen_Generation = YES;
				INFOPLIST_KEY_UISupportedInterfaceOrientations = UIInterfaceOrientationPortrait;
				INFOPLIST_KEY_UISupportedInterfaceOrientations_iPad = "UIInterfaceOrientationLandscapeLeft UIInterfaceOrientationLandscapeRight UIInterfaceOrientationPortrait UIInterfaceOrientationPortraitUpsideDown";
				LD_RUNPATH_SEARCH_PATHS = (
					"$(inherited)",
					"@executable_path/Frameworks",
				);
				MARKETING_VERSION = 1.0;
				PRODUCT_BUNDLE_IDENTIFIER = com.juancholo.Fructus;
				PRODUCT_NAME = "$(TARGET_NAME)";
				SWIFT_EMIT_LOC_STRINGS = YES;
				SWIFT_VERSION = 5.0;
				TARGETED_DEVICE_FAMILY = "1,2";
			};
			name = Debug;
		};
		5B9CCFEB2B8CDE2600F13CEC /* Release */ = {
			isa = XCBuildConfiguration;
			buildSettings = {
				ASSETCATALOG_COMPILER_APPICON_NAME = AppIcon;
				ASSETCATALOG_COMPILER_GLOBAL_ACCENT_COLOR_NAME = AccentColor;
				CODE_SIGN_STYLE = Automatic;
				CURRENT_PROJECT_VERSION = 1;
				DEVELOPMENT_ASSET_PATHS = "\"Fructus/Preview Content\"";
				DEVELOPMENT_TEAM = GARMRW49GC;
				ENABLE_PREVIEWS = YES;
				GENERATE_INFOPLIST_FILE = YES;
				INFOPLIST_KEY_UIApplicationSceneManifest_Generation = YES;
				INFOPLIST_KEY_UIApplicationSupportsIndirectInputEvents = YES;
				INFOPLIST_KEY_UILaunchScreen_Generation = YES;
				INFOPLIST_KEY_UISupportedInterfaceOrientations = UIInterfaceOrientationPortrait;
				INFOPLIST_KEY_UISupportedInterfaceOrientations_iPad = "UIInterfaceOrientationLandscapeLeft UIInterfaceOrientationLandscapeRight UIInterfaceOrientationPortrait UIInterfaceOrientationPortraitUpsideDown";
				LD_RUNPATH_SEARCH_PATHS = (
					"$(inherited)",
					"@executable_path/Frameworks",
				);
				MARKETING_VERSION = 1.0;
				PRODUCT_BUNDLE_IDENTIFIER = com.juancholo.Fructus;
				PRODUCT_NAME = "$(TARGET_NAME)";
				SWIFT_EMIT_LOC_STRINGS = YES;
				SWIFT_VERSION = 5.0;
				TARGETED_DEVICE_FAMILY = "1,2";
			};
			name = Release;
		};
/* End XCBuildConfiguration section */

/* Begin XCConfigurationList section */
		5B9CCFD62B8CDE2400F13CEC /* Build configuration list for PBXProject "Fructus" */ = {
			isa = XCConfigurationList;
			buildConfigurations = (
				5B9CCFE72B8CDE2600F13CEC /* Debug */,
				5B9CCFE82B8CDE2600F13CEC /* Release */,
			);
			defaultConfigurationIsVisible = 0;
			defaultConfigurationName = Release;
		};
		5B9CCFE92B8CDE2600F13CEC /* Build configuration list for PBXNativeTarget "Fructus" */ = {
			isa = XCConfigurationList;
			buildConfigurations = (
				5B9CCFEA2B8CDE2600F13CEC /* Debug */,
				5B9CCFEB2B8CDE2600F13CEC /* Release */,
			);
			defaultConfigurationIsVisible = 0;
			defaultConfigurationName = Release;
		};
/* End XCConfigurationList section */
	};
	rootObject = 5B9CCFD32B8CDE2400F13CEC /* Project object */;
}
